<?xml version="1.0" encoding="utf-8"?>
<Project ToolsVersion="4.0" xmlns="http://schemas.microsoft.com/developer/msbuild/2003">
  <ItemGroup>
    <Filter Include="01. Engine">
      <UniqueIdentifier>{edff6eee-3b16-4cff-8e18-ead94c6d809d}</UniqueIdentifier>
    </Filter>
    <Filter Include="99. Header">
      <UniqueIdentifier>{9aa50386-39aa-4fe1-a18c-5341c3c9839b}</UniqueIdentifier>
    </Filter>
    <Filter Include="99. Header\01. Precompiled">
      <UniqueIdentifier>{ea932ee2-ae4d-4cd0-93e2-d94de6b01e8e}</UniqueIdentifier>
    </Filter>
    <Filter Include="01. Engine\01. Module">
      <UniqueIdentifier>{e8694b74-d4be-4aef-9fbd-a2ff45fcfa31}</UniqueIdentifier>
    </Filter>
    <Filter Include="01. Engine\02. World">
      <UniqueIdentifier>{3eab6768-ad17-488e-b485-cd7e5943b3b8}</UniqueIdentifier>
    </Filter>
    <Filter Include="01. Engine\03. Level">
      <UniqueIdentifier>{33b4058b-a020-4122-924f-99fadaceee76}</UniqueIdentifier>
    </Filter>
    <Filter Include="01. Engine\05. Component">
      <UniqueIdentifier>{0c01f8b7-148c-4552-9c92-ff377ac41668}</UniqueIdentifier>
    </Filter>
    <Filter Include="98. Utililty">
      <UniqueIdentifier>{7015bb8e-858f-48f7-986d-728164c1d4b3}</UniqueIdentifier>
    </Filter>
    <Filter Include="98. Utililty\01. Debug">
      <UniqueIdentifier>{ee6eab54-7874-41eb-ac09-f75ec5bc39d3}</UniqueIdentifier>
    </Filter>
    <Filter Include="01. Engine\06. UI">
      <UniqueIdentifier>{96a81fec-3efa-444e-822a-1741fa99bebd}</UniqueIdentifier>
    </Filter>
    <Filter Include="05. Buffer">
      <UniqueIdentifier>{7e998055-8465-4f53-bb58-f69b5e859d69}</UniqueIdentifier>
    </Filter>
    <Filter Include="05. Buffer\01. ConstantBuffer">
      <UniqueIdentifier>{4afb66da-4a2c-43ac-855a-e1d7214b4108}</UniqueIdentifier>
    </Filter>
    <Filter Include="05. Buffer\01. ConstantBuffer\05. Vector4">
      <UniqueIdentifier>{ad2ca7d9-21d2-4ae6-824f-40925c2c89c9}</UniqueIdentifier>
    </Filter>
    <Filter Include="05. Buffer\01. ConstantBuffer\01. Base">
      <UniqueIdentifier>{3fc6a409-83cd-47d2-af3d-c32edc9a0b12}</UniqueIdentifier>
    </Filter>
    <Filter Include="05. Buffer\01. ConstantBuffer\04. Matrix">
      <UniqueIdentifier>{e88e6115-f125-4ec3-a3f1-a6af642ae6ec}</UniqueIdentifier>
    </Filter>
    <Filter Include="05. Buffer\01. ConstantBuffer\02. Int">
      <UniqueIdentifier>{d1ad114c-2751-4993-a4be-ae03aac4a598}</UniqueIdentifier>
    </Filter>
    <Filter Include="05. Buffer\01. ConstantBuffer\03. Float">
      <UniqueIdentifier>{edd1fb7f-e598-40ec-be54-e4e2e7cfccdb}</UniqueIdentifier>
    </Filter>
    <Filter Include="05. Buffer\01. ConstantBuffer\04. Vector3">
      <UniqueIdentifier>{1e4dcc64-a94d-4ad5-94a9-c0afd68567b5}</UniqueIdentifier>
    </Filter>
    <Filter Include="01. Engine\05. Component\01. Component">
      <UniqueIdentifier>{ff90f20f-5b8f-48f2-b5fc-721fbe05da78}</UniqueIdentifier>
    </Filter>
    <Filter Include="01. Engine\05. Component\02. TransformComponent">
      <UniqueIdentifier>{cc762cd8-37bf-4f94-ad88-0b2340b8a65b}</UniqueIdentifier>
    </Filter>
    <Filter Include="01. Engine\04. GameObject">
      <UniqueIdentifier>{42358ccc-bf81-4ae2-ad29-01c96fd2c123}</UniqueIdentifier>
    </Filter>
    <Filter Include="01. Engine\04. GameObject\01. Base">
      <UniqueIdentifier>{8fe40f39-ce61-42da-923c-475616934899}</UniqueIdentifier>
    </Filter>
    <Filter Include="01. Engine\04. GameObject\02. Character">
      <UniqueIdentifier>{0dfd457a-a121-4d78-bdc6-76fd270b8c6e}</UniqueIdentifier>
    </Filter>
    <Filter Include="01. Engine\04. GameObject\03. Socket">
      <UniqueIdentifier>{699af7ba-9988-4614-b8cc-c5d80c2ddeb8}</UniqueIdentifier>
    </Filter>
    <Filter Include="01. Engine\10. Layer">
      <UniqueIdentifier>{23000c16-4623-4c6e-a4f6-ca6e14c86bc4}</UniqueIdentifier>
    </Filter>
    <Filter Include="03. Handler">
      <UniqueIdentifier>{b07f5ac8-f49d-4582-ba47-db3ead45fc30}</UniqueIdentifier>
    </Filter>
    <Filter Include="03. Handler\03. Shader">
      <UniqueIdentifier>{9db86511-7cb9-4b55-a54e-d06b74df1545}</UniqueIdentifier>
    </Filter>
    <Filter Include="03. Handler\04. Sound">
      <UniqueIdentifier>{0e877d35-721b-468e-a50d-53f81475b606}</UniqueIdentifier>
    </Filter>
    <Filter Include="03. Handler\05. Texture">
      <UniqueIdentifier>{4983da3c-f9c3-4f55-bfe4-0b80e9f8db67}</UniqueIdentifier>
    </Filter>
    <Filter Include="03. Handler\01. Font">
      <UniqueIdentifier>{25d50053-84a5-499f-8e51-6ce215167056}</UniqueIdentifier>
    </Filter>
    <Filter Include="03. Handler\02. Model">
      <UniqueIdentifier>{30a85dcd-0f1d-4be2-bd2a-fd8c62250906}</UniqueIdentifier>
    </Filter>
    <Filter Include="01. Engine\06. UI\01. Base">
      <UniqueIdentifier>{60a86bf3-1977-49f7-96d1-315a5b2e3d2c}</UniqueIdentifier>
    </Filter>
    <Filter Include="01. Engine\06. UI\02. Panel">
      <UniqueIdentifier>{d0c41ab4-6517-4238-b753-d00530e79201}</UniqueIdentifier>
    </Filter>
    <Filter Include="05. Buffer\02. Buffer">
      <UniqueIdentifier>{410900e3-f756-4cd2-8460-8da233c3083e}</UniqueIdentifier>
    </Filter>
    <Filter Include="05. Buffer\02. Buffer\01. Base">
      <UniqueIdentifier>{f2d2edf5-84f6-4fce-87a8-0d7d4cba4d75}</UniqueIdentifier>
    </Filter>
    <Filter Include="05. Buffer\02. Buffer\02. Primitive">
      <UniqueIdentifier>{d013deca-e2af-4298-8c50-fec525463a6f}</UniqueIdentifier>
    </Filter>
    <Filter Include="05. Buffer\02. Buffer\02. Primitive\01. Point">
      <UniqueIdentifier>{33b36f1e-0504-4fa2-8194-cd17df659e66}</UniqueIdentifier>
    </Filter>
    <Filter Include="98. Utililty\02. Math">
      <UniqueIdentifier>{04aedd12-07c0-4dc8-acc7-d4705fe6f2c1}</UniqueIdentifier>
    </Filter>
    <Filter Include="05. Buffer\02. Buffer">
      <UniqueIdentifier>{dfb6b8c5-9d62-4b19-9e5c-becc0fb7b4bb}</UniqueIdentifier>
    </Filter>
    <Filter Include="05. Buffer\02. Buffer\01. Base">
      <UniqueIdentifier>{1fe1252b-1769-40d6-b84d-90649b62cf9b}</UniqueIdentifier>
    </Filter>
    <Filter Include="05. Buffer\02. Buffer\02. Primitive">
      <UniqueIdentifier>{14ab44ae-6c92-4df7-b9c2-8c8405f39e5a}</UniqueIdentifier>
    </Filter>
    <Filter Include="05. Buffer\02. Buffer\02. Primitive\01. Point">
      <UniqueIdentifier>{046c35db-894d-4d2a-a38b-47c9e830373a}</UniqueIdentifier>
    </Filter>
    <Filter Include="05. Buffer\02. Buffer\02. Primitive\02. Rect">
      <UniqueIdentifier>{9b786217-879b-441b-8954-bbf82afa8a5c}</UniqueIdentifier>
    </Filter>
    <Filter Include="05. Buffer\02. Buffer\02. Primitive\03. Cube">
      <UniqueIdentifier>{8404db91-030b-446e-a5c3-572a987dfd81}</UniqueIdentifier>
    </Filter>
    <Filter Include="01. Engine\04. GameObject\04. Effect">
      <UniqueIdentifier>{43a3e9e0-ad4a-4e05-b139-3d83c2951713}</UniqueIdentifier>
    </Filter>
    <Filter Include="03. Handler\05. Texture\01. Base">
      <UniqueIdentifier>{d4cab9df-36c9-41a0-8609-21d0a9f74b48}</UniqueIdentifier>
    </Filter>
    <Filter Include="02. Manager">
      <UniqueIdentifier>{d1a6b692-7f66-4639-907d-b8159dfa113b}</UniqueIdentifier>
    </Filter>
    <Filter Include="02. Manager\01. Base">
      <UniqueIdentifier>{73cfa1eb-9fb4-47bf-a0f1-1914f7b27b73}</UniqueIdentifier>
    </Filter>
    <Filter Include="02. Manager\02. CameraManager">
      <UniqueIdentifier>{709fb5a7-ff76-4163-80f9-5b2be1075f8e}</UniqueIdentifier>
    </Filter>
    <Filter Include="02. Manager\03. DeviceManager">
      <UniqueIdentifier>{c6284e7e-315f-4e0c-b13f-63e80fc38ddd}</UniqueIdentifier>
    </Filter>
    <Filter Include="02. Manager\03. FrameManager">
      <UniqueIdentifier>{bc597296-a61e-4e18-a1c9-73cee52bce8f}</UniqueIdentifier>
    </Filter>
    <Filter Include="02. Manager\04. InputManager">
      <UniqueIdentifier>{841a1094-3a00-4e29-83db-2c3d013f396b}</UniqueIdentifier>
    </Filter>
    <Filter Include="02. Manager\05. LightManager">
      <UniqueIdentifier>{376ff43b-c1e5-4c8e-bd6a-17159a7e16e9}</UniqueIdentifier>
    </Filter>
    <Filter Include="02. Manager\06. RenderManager">
      <UniqueIdentifier>{5720a630-f2f3-4613-a55d-0a5624ea72f3}</UniqueIdentifier>
    </Filter>
    <Filter Include="02. Manager\07. PipelineManager">
      <UniqueIdentifier>{72f2cdfb-2183-4bb3-b360-b3f22fd5e934}</UniqueIdentifier>
    </Filter>
    <Filter Include="02. Manager\08. PhysXManager">
      <UniqueIdentifier>{05f878fa-ef58-497d-82d2-e84f7deabe0d}</UniqueIdentifier>
    </Filter>
    <Filter Include="02. Manager\09. ThreadManager">
      <UniqueIdentifier>{321a282e-bd10-4722-b338-cbc816e9674c}</UniqueIdentifier>
    </Filter>
    <Filter Include="02. Manager\11. EventManager">
      <UniqueIdentifier>{b77a1da4-a042-42f1-9834-f6133b434ec4}</UniqueIdentifier>
    </Filter>
    <Filter Include="01. Engine\04. GameObject\05. Camera">
      <UniqueIdentifier>{45d60ee5-38d9-4f93-9245-56e617dc1287}</UniqueIdentifier>
    </Filter>
    <Filter Include="02. Manager\12. PickManager">
      <UniqueIdentifier>{428dc3a9-5d8f-4ed7-a68a-85cab236659a}</UniqueIdentifier>
    </Filter>
    <Filter Include="05. Buffer\02. Buffer\03. Model">
      <UniqueIdentifier>{355f21df-3719-47be-a148-a63a3a811319}</UniqueIdentifier>
    </Filter>
    <Filter Include="05. Buffer\02. Buffer\03. Model\Bone">
      <UniqueIdentifier>{845b9c79-fd9b-4686-ac34-5e503f8a7d27}</UniqueIdentifier>
    </Filter>
    <Filter Include="05. Buffer\02. Buffer\03. Model\Animation">
      <UniqueIdentifier>{6c86c5a7-8616-409c-a137-fbbe1407034d}</UniqueIdentifier>
    </Filter>
    <Filter Include="05. Buffer\02. Buffer\03. Model\Animation\Channel">
      <UniqueIdentifier>{22e66bb7-f155-4072-b501-1dc9064b66be}</UniqueIdentifier>
    </Filter>
    <Filter Include="05. Buffer\02. Buffer\03. Model\MeshBuffer">
      <UniqueIdentifier>{2adf8c07-4ce7-47e5-86a2-18806f9576eb}</UniqueIdentifier>
    </Filter>
    <Filter Include="05. Buffer\02. Buffer\03. Model\Material">
      <UniqueIdentifier>{9705aebe-a116-4984-9157-9c65e16c2814}</UniqueIdentifier>
    </Filter>
    <Filter Include="01. Engine\05. Component\06. CameraComponent">
      <UniqueIdentifier>{330c3001-155c-44b0-8027-ab2e7a673204}</UniqueIdentifier>
    </Filter>
    <Filter Include="01. Engine\05. Component\08. EffectComponent">
      <UniqueIdentifier>{837faddf-7dfb-4db5-b634-1f01091e9092}</UniqueIdentifier>
    </Filter>
    <Filter Include="01. Engine\05. Component\08. EffectComponent\01. Base">
      <UniqueIdentifier>{2914a33c-e515-4ea2-a1f0-11fd7bb89016}</UniqueIdentifier>
    </Filter>
    <Filter Include="01. Engine\05. Component\08. EffectComponent\02. Particle">
      <UniqueIdentifier>{4df655bb-d77f-42e2-b047-2b26bbd1a412}</UniqueIdentifier>
    </Filter>
    <Filter Include="01. Engine\05. Component\08. EffectComponent\03. EffectMesh">
      <UniqueIdentifier>{7887d744-6bcb-483f-9230-74624daf79dc}</UniqueIdentifier>
    </Filter>
    <Filter Include="01. Engine\05. Component\03. ColliderComponent">
      <UniqueIdentifier>{9309b92a-b709-4e9b-b82d-d3db6550f309}</UniqueIdentifier>
    </Filter>
    <Filter Include="01. Engine\05. Component\03. ColliderComponent\01. ColliderComponent">
      <UniqueIdentifier>{7001f750-1650-4e42-95b8-67fc98c8b835}</UniqueIdentifier>
    </Filter>
    <Filter Include="01. Engine\05. Component\03. ColliderComponent\02. BoxComponent">
      <UniqueIdentifier>{6d19733d-f68c-4cd9-8c07-f7157fe286de}</UniqueIdentifier>
    </Filter>
    <Filter Include="01. Engine\05. Component\03. ColliderComponent\03. SphereComponent">
      <UniqueIdentifier>{5a7b1c49-bb53-496c-9623-25ac5202f9ce}</UniqueIdentifier>
    </Filter>
    <Filter Include="01. Engine\05. Component\03. ColliderComponent\04. CapsuleComponent">
      <UniqueIdentifier>{4154457d-2430-49ab-bb14-4a8eeca65771}</UniqueIdentifier>
    </Filter>
    <Filter Include="05. Buffer\02. Buffer\03. Model\Animation\Channel">
      <UniqueIdentifier>{22e66bb7-f155-4072-b501-1dc9064b66be}</UniqueIdentifier>
    </Filter>
    <Filter Include="05. Buffer\02. Buffer\03. Model\MeshBuffer">
      <UniqueIdentifier>{2adf8c07-4ce7-47e5-86a2-18806f9576eb}</UniqueIdentifier>
    </Filter>
    <Filter Include="05. Buffer\02. Buffer\03. Model\Material">
      <UniqueIdentifier>{9705aebe-a116-4984-9157-9c65e16c2814}</UniqueIdentifier>
    </Filter>
    <Filter Include="02. Manager\03. DeviceManager">
      <UniqueIdentifier>{a0c6a28c-4d52-4eff-882e-a5731fb9beea}</UniqueIdentifier>
    </Filter>
    <Filter Include="02. Manager\04. InputManager">
      <UniqueIdentifier>{11e3d8e2-96be-4fc8-bedd-f78d793e1070}</UniqueIdentifier>
    </Filter>
    <Filter Include="02. Manager\11. EventManager">
      <UniqueIdentifier>{75f93135-da15-4524-b915-4024f3eae2b6}</UniqueIdentifier>
    </Filter>
    <Filter Include="02. Manager\12. PickManager">
      <UniqueIdentifier>{391126a3-7eeb-4d30-9962-dd05b740f84c}</UniqueIdentifier>
    </Filter>
    <Filter Include="01. Engine\05. Component\03. ColliderComponent\05. HeightFieldComponent">
      <UniqueIdentifier>{a4ef4132-f3ed-4f86-9f47-1e5412c37b31}</UniqueIdentifier>
    </Filter>
    <Filter Include="02. Manager\03. FrameManager">
      <UniqueIdentifier>{3849ee4b-45a0-4809-a75f-4dc368601b60}</UniqueIdentifier>
    </Filter>
    <Filter Include="98. Utililty\03. String">
      <UniqueIdentifier>{5534a582-74b4-4f61-871e-f8939d471e83}</UniqueIdentifier>
    </Filter>
    <Filter Include="98. Utililty\04. Texture">
      <UniqueIdentifier>{51ab2165-13dd-4e40-9c24-9038abeb53e5}</UniqueIdentifier>
    </Filter>
    <Filter Include="01. Engine\05. Component\09. BehaviorTreeComponent">
      <UniqueIdentifier>{29cb6e8e-97fa-47d7-81d6-40a14b0dad7a}</UniqueIdentifier>
    </Filter>
    <Filter Include="01. Engine\05. Component\07. RectComponent\04. ButtonComponent">
      <UniqueIdentifier>{c16d0e91-81b0-4d4f-aa43-93567e9bf933}</UniqueIdentifier>
    </Filter>
    <Filter Include="01. Engine\05. Component\07. RectComponent\05. ProgressBarComponent">
      <UniqueIdentifier>{965629be-746c-4eaf-b3fc-1d5f84eb7299}</UniqueIdentifier>
    </Filter>
    <Filter Include="01. Engine\05. Component\07. RectComponent\06. AnimationImageComponent">
      <UniqueIdentifier>{c61290b5-e571-42b5-a1b2-9a24015bfa5d}</UniqueIdentifier>
    </Filter>
    <Filter Include="01. Engine\05. Component\09. BehaviorTreeComponent\Node">
      <UniqueIdentifier>{d01d93a7-d960-41d6-9bab-e7cbee2d3669}</UniqueIdentifier>
    </Filter>
    <Filter Include="01. Engine\05. Component\09. BehaviorTreeComponent\Node\01. Base">
      <UniqueIdentifier>{311fac87-bc58-4b37-8c7b-9a3224e9d80a}</UniqueIdentifier>
    </Filter>
    <Filter Include="01. Engine\05. Component\09. BehaviorTreeComponent\Node\02. Composite">
      <UniqueIdentifier>{8588185b-fe8f-4099-8193-5ef2a05d78ef}</UniqueIdentifier>
    </Filter>
    <Filter Include="01. Engine\05. Component\09. BehaviorTreeComponent\Node\03. Decorator">
      <UniqueIdentifier>{153ad2c5-aee5-4264-a3f6-b692b1a99c01}</UniqueIdentifier>
    </Filter>
    <Filter Include="01. Engine\05. Component\09. BehaviorTreeComponent\Node\04. Task">
      <UniqueIdentifier>{f6ecdbd4-da95-4eb8-8176-14f571563223}</UniqueIdentifier>
    </Filter>
    <Filter Include="01. Engine\05. Component\10. FSMComponent">
      <UniqueIdentifier>{ebf0b24f-af29-4f50-a9cd-885293f2e545}</UniqueIdentifier>
    </Filter>
    <Filter Include="02. Manager\13. TimerManager">
      <UniqueIdentifier>{b4d7e915-99a7-4b0c-85f7-621483457c81}</UniqueIdentifier>
    </Filter>
    <Filter Include="04. Controller">
      <UniqueIdentifier>{80aaf3b5-c86a-4e09-9b11-24454913af69}</UniqueIdentifier>
    </Filter>
    <Filter Include="01. Engine\05. Component\03. ColliderComponent\06. TriangleMeshComponent">
      <UniqueIdentifier>{7fd5a94f-2b7f-4ef4-9e94-2dc40c26912b}</UniqueIdentifier>
    </Filter>
    <Filter Include="01. Engine\05. Component\10. FSMComponent\FSMNode">
      <UniqueIdentifier>{4b4d8b3a-ed0a-4442-9f29-acaddac73abb}</UniqueIdentifier>
    </Filter>
    <Filter Include="06. TreeNode">
      <UniqueIdentifier>{c9949254-e944-478d-8758-9a3c3de0c805}</UniqueIdentifier>
    </Filter>
    <Filter Include="01. Engine\05. Component\11. MeshComponent">
      <UniqueIdentifier>{b3373bc9-679e-4be6-8ef8-682019375f53}</UniqueIdentifier>
    </Filter>
    <Filter Include="98. Utililty\05. Pool">
      <UniqueIdentifier>{57fefcaf-d693-493b-a5fa-3979ca1cf5e5}</UniqueIdentifier>
    </Filter>
    <Filter Include="98. Utililty\05. Pool\02. Memory">
      <UniqueIdentifier>{b0e9a6af-3b97-4bc2-8d5e-41e89b04c5a0}</UniqueIdentifier>
    </Filter>
    <Filter Include="05. Buffer\02. Buffer\03. Model\Animation\AnimNotify">
      <UniqueIdentifier>{2b289fe3-3798-42e8-b3bb-24957d48b877}</UniqueIdentifier>
    </Filter>
    <Filter Include="01. Engine\05. Component\12. DebugComponent">
      <UniqueIdentifier>{f25735f2-f9af-472b-a4b1-b07616c1306a}</UniqueIdentifier>
    </Filter>
    <Filter Include="01. Engine\05. Component\12. DebugComponent\01. DebugColliderComponent">
      <UniqueIdentifier>{4cd78f78-e75d-471d-86ee-beb198375540}</UniqueIdentifier>
    </Filter>
    <Filter Include="01. Engine\05. Component\12. DebugComponent\02. DebugSphereComponent">
      <UniqueIdentifier>{4eb2cbb5-e2d1-440c-a5cb-25144d49674a}</UniqueIdentifier>
    </Filter>
    <Filter Include="01. Engine\05. Component\12. DebugComponent\03. DebugBoxComponent">
      <UniqueIdentifier>{9c1e0fcf-fdc1-4d3e-a994-cffcac02437b}</UniqueIdentifier>
    </Filter>
    <Filter Include="01. Engine\05. Component\12. DebugComponent\04. DebugCameraFrustumComponent">
      <UniqueIdentifier>{08c93c22-e0ba-4302-9e07-8f1ad853e8ab}</UniqueIdentifier>
    </Filter>
    <Filter Include="01. Engine\05. Component\11. MeshComponent\01. MeshComponent">
      <UniqueIdentifier>{86a4fe58-aea3-400b-a65a-d893f68fcfa0}</UniqueIdentifier>
    </Filter>
    <Filter Include="05. Buffer\02. Buffer\02. Primitive\06. Trail">
      <UniqueIdentifier>{2a6d8db3-0253-4720-ba72-8242b1225dd5}</UniqueIdentifier>
    </Filter>
    <Filter Include="01. Engine\05. Component\13. TrailComponent">
      <UniqueIdentifier>{c6927ee2-9417-4558-bd7b-61ae0241e7fb}</UniqueIdentifier>
    </Filter>
    <Filter Include="01. Engine\05. Component\14. HFSMComponent">
      <UniqueIdentifier>{e7c00d46-454f-40c1-b084-a5cc64089174}</UniqueIdentifier>
    </Filter>
    <Filter Include="01. Engine\05. Component\09. BehaviorTreeComponent\01. Base">
      <UniqueIdentifier>{77b0c7f0-9106-44b8-8e20-29e0cef16316}</UniqueIdentifier>
    </Filter>
    <Filter Include="01. Engine\05. Component\09. BehaviorTreeComponent\02. Node">
      <UniqueIdentifier>{d01d93a7-d960-41d6-9bab-e7cbee2d3669}</UniqueIdentifier>
    </Filter>
    <Filter Include="01. Engine\05. Component\09. BehaviorTreeComponent\02. Node\01. Base">
      <UniqueIdentifier>{311fac87-bc58-4b37-8c7b-9a3224e9d80a}</UniqueIdentifier>
    </Filter>
    <Filter Include="01. Engine\05. Component\09. BehaviorTreeComponent\02. Node\02. Composite">
      <UniqueIdentifier>{8588185b-fe8f-4099-8193-5ef2a05d78ef}</UniqueIdentifier>
    </Filter>
    <Filter Include="01. Engine\05. Component\09. BehaviorTreeComponent\02. Node\03. Decorator">
      <UniqueIdentifier>{153ad2c5-aee5-4264-a3f6-b692b1a99c01}</UniqueIdentifier>
    </Filter>
    <Filter Include="01. Engine\05. Component\09. BehaviorTreeComponent\02. Node\04. Task">
      <UniqueIdentifier>{f6ecdbd4-da95-4eb8-8176-14f571563223}</UniqueIdentifier>
    </Filter>
    <Filter Include="01. Engine\05. Component\08. EffectComponent\04. InstanceEffectMesh">
      <UniqueIdentifier>{23c59c8e-d82b-4383-a93b-4fdd59d4e993}</UniqueIdentifier>
    </Filter>
    <Filter Include="05. Buffer\02. Buffer\02. Primitive\04. PointInstancing">
      <UniqueIdentifier>{bb3caab3-c256-4e34-8eb1-8075c8bbe549}</UniqueIdentifier>
    </Filter>
    <Filter Include="05. Buffer\02. Buffer\02. Primitive\05. MeshInstancing">
      <UniqueIdentifier>{dce2bf6a-4c6e-4682-a11b-41e4d2ff386f}</UniqueIdentifier>
    </Filter>
    <Filter Include="01. Engine\05. Component\07. RectComponent">
      <UniqueIdentifier>{bec3ce45-ed1d-4642-abfe-25df01cf19db}</UniqueIdentifier>
    </Filter>
    <Filter Include="01. Engine\05. Component\07. RectComponent\01. Base">
      <UniqueIdentifier>{aac639d2-e699-4ed8-84ab-fce26790c7a1}</UniqueIdentifier>
    </Filter>
    <Filter Include="01. Engine\05. Component\07. RectComponent\02. ImageComponent">
      <UniqueIdentifier>{2fc7cc47-aa55-45a7-8a74-5208422ce300}</UniqueIdentifier>
    </Filter>
    <Filter Include="01. Engine\05. Component\07. RectComponent\03. SliderComponent">
      <UniqueIdentifier>{59865224-6313-403f-a347-a7493f5c06e2}</UniqueIdentifier>
    </Filter>
    <Filter Include="01. Engine\05. Component\07. RectComponent\04. ButtonComponent">
      <UniqueIdentifier>{c16d0e91-81b0-4d4f-aa43-93567e9bf933}</UniqueIdentifier>
    </Filter>
    <Filter Include="01. Engine\05. Component\07. RectComponent\05. ProgressBarComponent">
      <UniqueIdentifier>{965629be-746c-4eaf-b3fc-1d5f84eb7299}</UniqueIdentifier>
    </Filter>
    <Filter Include="01. Engine\05. Component\07. RectComponent\06. AnimationImageComponent">
      <UniqueIdentifier>{c61290b5-e571-42b5-a1b2-9a24015bfa5d}</UniqueIdentifier>
    </Filter>
    <Filter Include="01. Engine\05. Component\07. RectComponent\07. TextComponent">
      <UniqueIdentifier>{b19d838c-6de4-4437-9994-0f3dff8f0115}</UniqueIdentifier>
    </Filter>
    <Filter Include="02. Manager\14. SoundManager">
      <UniqueIdentifier>{786c9ed6-7d09-4c38-93ba-8b7a9f5e187b}</UniqueIdentifier>
    </Filter>
    <Filter Include="03. Handler\06. Mesh">
      <UniqueIdentifier>{0625cadf-c3f3-47dd-af9a-a94ed8d441be}</UniqueIdentifier>
    </Filter>
    <Filter Include="99. Header\01. Precompiled\02. etc">
      <UniqueIdentifier>{fd3bae06-c88a-4af0-a99c-28d2d5983c6e}</UniqueIdentifier>
    </Filter>
  </ItemGroup>
  <ItemGroup>
    <ClInclude Include="..\Public\EngineEnum.h">
      <Filter>99. Header\01. Precompiled\02. etc</Filter>
    </ClInclude>
    <ClInclude Include="..\Public\EngineDefine.h">
      <Filter>99. Header\01. Precompiled\02. etc</Filter>
    </ClInclude>
    <ClInclude Include="..\Public\EngineType.h">
      <Filter>99. Header\01. Precompiled\02. etc</Filter>
    </ClInclude>
    <ClInclude Include="..\Public\Manager.h">
      <Filter>02. Manager\01. Base</Filter>
    </ClInclude>
    <ClInclude Include="..\Public\CameraManager.h">
      <Filter>02. Manager\02. CameraManager</Filter>
    </ClInclude>
    <ClInclude Include="..\Public\RenderManager.h">
      <Filter>02. Manager\06. RenderManager</Filter>
    </ClInclude>
    <ClInclude Include="..\Public\LightManager.h">
      <Filter>02. Manager\05. LightManager</Filter>
    </ClInclude>
    <ClInclude Include="..\Public\World.h">
      <Filter>01. Engine\02. World</Filter>
    </ClInclude>
    <ClInclude Include="..\Public\Level.h">
      <Filter>01. Engine\03. Level</Filter>
    </ClInclude>
    <ClInclude Include="..\Public\Component.h">
      <Filter>01. Engine\05. Component\01. Component</Filter>
    </ClInclude>
    <ClInclude Include="..\Public\DebugDraw.h">
      <Filter>98. Utililty\01. Debug</Filter>
    </ClInclude>
    <ClInclude Include="..\Public\GameObject.h">
      <Filter>01. Engine\04. GameObject\01. Base</Filter>
    </ClInclude>
    <ClInclude Include="..\Public\Character.h">
      <Filter>01. Engine\04. GameObject\02. Character</Filter>
    </ClInclude>
    <ClInclude Include="..\Public\ColliderComponent.h">
      <Filter>01. Engine\05. Component\03. ColliderComponent\01. ColliderComponent</Filter>
    </ClInclude>
    <ClInclude Include="..\Public\BoxComponent.h">
      <Filter>01. Engine\05. Component\03. ColliderComponent\02. BoxComponent</Filter>
    </ClInclude>
    <ClInclude Include="..\Public\SphereComponent.h">
      <Filter>01. Engine\05. Component\03. ColliderComponent\03. SphereComponent</Filter>
    </ClInclude>
    <ClInclude Include="..\Public\Socket.h">
      <Filter>01. Engine\04. GameObject\03. Socket</Filter>
    </ClInclude>
    <ClInclude Include="..\Public\ControllerComponent.h">
      <Filter>04. Controller</Filter>
    </ClInclude>
    <ClInclude Include="..\Public\CameraComponent.h">
      <Filter>01. Engine\05. Component\06. CameraComponent</Filter>
    </ClInclude>
    <ClInclude Include="..\Public\PipelineManager.h">
      <Filter>02. Manager\07. PipelineManager</Filter>
    </ClInclude>
    <ClInclude Include="..\Public\MatrixConstantBuffer.h">
      <Filter>05. Buffer\01. ConstantBuffer\04. Matrix</Filter>
    </ClInclude>
    <ClInclude Include="..\Public\ConstantBuffer.h">
      <Filter>05. Buffer\01. ConstantBuffer\01. Base</Filter>
    </ClInclude>
    <ClInclude Include="..\Public\IntConstantBuffer.h">
      <Filter>05. Buffer\01. ConstantBuffer\02. Int</Filter>
    </ClInclude>
    <ClInclude Include="..\Public\FloatConstantBuffer.h">
      <Filter>05. Buffer\01. ConstantBuffer\03. Float</Filter>
    </ClInclude>
    <ClInclude Include="..\Public\Vector3ConstantBuffer.h">
      <Filter>05. Buffer\01. ConstantBuffer\04. Vector3</Filter>
    </ClInclude>
    <ClInclude Include="..\Public\Vector4ConstantBuffer.h">
      <Filter>05. Buffer\01. ConstantBuffer\05. Vector4</Filter>
    </ClInclude>
    <ClInclude Include="..\Public\PipelineView.h">
      <Filter>02. Manager\07. PipelineManager</Filter>
    </ClInclude>
    <ClInclude Include="..\Public\ShaderHandler.h">
      <Filter>03. Handler\03. Shader</Filter>
    </ClInclude>
    <ClInclude Include="..\Public\TextureHandler.h">
      <Filter>03. Handler\05. Texture</Filter>
    </ClInclude>
    <ClInclude Include="..\Public\SoundHandler.h">
      <Filter>03. Handler\04. Sound</Filter>
    </ClInclude>
    <ClInclude Include="..\Public\FontHandler.h">
      <Filter>03. Handler\01. Font</Filter>
    </ClInclude>
    <ClInclude Include="..\Public\Font.h">
      <Filter>03. Handler\01. Font</Filter>
    </ClInclude>
    <ClInclude Include="..\Public\EffectShader.h">
      <Filter>03. Handler\03. Shader</Filter>
    </ClInclude>
    <ClInclude Include="..\Public\PipelineState.h">
      <Filter>02. Manager\07. PipelineManager</Filter>
    </ClInclude>
    <ClInclude Include="..\Public\UI.h">
      <Filter>01. Engine\06. UI</Filter>
    </ClInclude>
    <ClInclude Include="..\Public\Panel.h">
      <Filter>01. Engine\06. UI\02. Panel</Filter>
    </ClInclude>
    <ClInclude Include="..\Public\UI.h">
      <Filter>01. Engine\06. UI\01. Base</Filter>
    </ClInclude>
    <ClInclude Include="..\Public\Layer.h">
      <Filter>01. Engine\10. Layer</Filter>
    </ClInclude>
    <ClInclude Include="..\Public\EngineDesc.h">
      <Filter>99. Header\01. Precompiled\02. etc</Filter>
    </ClInclude>
    <ClInclude Include="..\Public\CapsuleComponent.h">
      <Filter>01. Engine\05. Component\03. ColliderComponent\04. CapsuleComponent</Filter>
    </ClInclude>
    <ClInclude Include="..\Public\MathUtility.h">
      <Filter>98. Utililty\02. Math</Filter>
    </ClInclude>
    <ClInclude Include="..\Public\PointBuffer.h">
      <Filter>05. Buffer\02. Buffer\02. Primitive\01. Point</Filter>
    </ClInclude>
    <ClInclude Include="..\Public\Instancing.h">
      <Filter>05. Buffer\02. Buffer\02. Primitive\04. PointInstancing</Filter>
    </ClInclude>
    <ClInclude Include="..\Public\Effect.h">
      <Filter>01. Engine\04. GameObject\04. Effect</Filter>
    </ClInclude>
    <ClInclude Include="..\Public\EffectComponent.h">
      <Filter>01. Engine\05. Component\08. EffectComponent\01. Base</Filter>
    </ClInclude>
    <ClInclude Include="..\Public\ParticleComponent.h">
      <Filter>01. Engine\05. Component\08. EffectComponent\02. Particle</Filter>
    </ClInclude>
    <ClInclude Include="..\Public\EffectMeshComponent.h">
      <Filter>01. Engine\05. Component\08. EffectComponent\03. EffectMesh</Filter>
    </ClInclude>
    <ClInclude Include="..\Public\EngineStruct.h">
      <Filter>99. Header\01. Precompiled\02. etc</Filter>
    </ClInclude>
    <ClInclude Include="..\Public\PhysXManager.h">
      <Filter>02. Manager\08. PhysXManager</Filter>
    </ClInclude>
    <ClInclude Include="..\Public\Buffer.h">
      <Filter>05. Buffer\02. Buffer\01. Base</Filter>
    </ClInclude>
    <ClInclude Include="..\Public\ImageComponent.h">
      <Filter>01. Engine\05. Component\07. RectComponent\02. ImageComponent</Filter>
    </ClInclude>
    <ClInclude Include="..\Public\SliderComponent.h">
      <Filter>01. Engine\05. Component\07. RectComponent\03. SliderComponent</Filter>
    </ClInclude>
    <ClInclude Include="..\Public\EngineModule.h">
      <Filter>01. Engine\01. Module</Filter>
    </ClInclude>
    <ClInclude Include="..\public\Buffer.h">
      <Filter>05. Buffer\02. Buffer\01.Base</Filter>
    </ClInclude>
    <ClInclude Include="..\public\PointBuffer.h">
      <Filter>05. Buffer\02. Buffer\02.Primitive\01.Point</Filter>
    </ClInclude>
    <ClInclude Include="..\public\Model.h">
      <Filter>05. Buffer\02. Buffer\03. Model</Filter>
    </ClInclude>
    <ClInclude Include="..\public\Material.h">
      <Filter>05. Buffer\02. Buffer\03. Model\Material</Filter>
    </ClInclude>
    <ClInclude Include="..\public\Animation.h">
      <Filter>05. Buffer\02. Buffer\03. Model\Animation</Filter>
    </ClInclude>
    <ClInclude Include="..\public\Bone.h">
      <Filter>05. Buffer\02. Buffer\03. Model\Bone</Filter>
    </ClInclude>
    <ClInclude Include="..\public\Channel.h">
      <Filter>05. Buffer\02. Buffer\03. Model\Animation\Channel</Filter>
    </ClInclude>
    <ClInclude Include="..\public\CubeBuffer.h">
      <Filter>05. Buffer\02. Buffer\02. Primitive\03. Cube</Filter>
    </ClInclude>
    <ClInclude Include="..\public\RectBuffer.h">
      <Filter>05. Buffer\02. Buffer\02. Primitive\02. Rect</Filter>
    </ClInclude>
    <ClInclude Include="..\Public\Buffer.h">
      <Filter>05. Buffer\02. Buffer\01. Base</Filter>
    </ClInclude>
    <ClInclude Include="..\public\PointBuffer.h">
      <Filter>05. Buffer\02. Buffer\02. Primitive\01. Point</Filter>
    </ClInclude>
    <ClInclude Include="..\Public\ThreadManager.h">
      <Filter>02. Manager\09. ThreadManager</Filter>
    </ClInclude>
    <ClInclude Include="..\Public\ThreadManager.h">
      <Filter>02. Manager\09. ThreadManager</Filter>
    </ClInclude>
    <ClInclude Include="..\Public\TransformComponent.h">
      <Filter>01. Engine\05. Component\02. TransformComponent</Filter>
    </ClInclude>
    <ClInclude Include="..\Public\RectComponent.h" />
    <ClInclude Include="..\Public\RectComponent.h">
      <Filter>01. Engine\05. Component\07. RectComponent\01. Base</Filter>
    </ClInclude>
    <ClInclude Include="..\Public\DeviceManager.h">
      <Filter>02. Manager\03. DeviceManager</Filter>
    </ClInclude>
    <ClInclude Include="..\Public\InputManager.h">
      <Filter>02. Manager\04. InputManager</Filter>
    </ClInclude>
    <ClInclude Include="..\Public\EventManager.h">
      <Filter>02. Manager\11. EventManager</Filter>
    </ClInclude>
    <ClInclude Include="..\Public\PickManager.h">
      <Filter>02. Manager\12. PickManager</Filter>
    </ClInclude>
    <ClInclude Include="..\Public\FrameManager.h">
      <Filter>02. Manager\03. FrameManager</Filter>
    </ClInclude>
    <ClInclude Include="..\public\TextureUtility.h">
      <Filter>98. Utililty\04. Texture</Filter>
    </ClInclude>
    <ClInclude Include="..\Public\Event.h">
      <Filter>02. Manager\11. EventManager</Filter>
    </ClInclude>
    <ClInclude Include="..\Public\Frame.h">
      <Filter>02. Manager\03. FrameManager</Filter>
    </ClInclude>
    <ClInclude Include="..\Public\Camera.h">
      <Filter>02. Manager\02. CameraManager</Filter>
    </ClInclude>
    <ClInclude Include="..\Public\Texture.h">
      <Filter>03. Handler\05. Texture\01. Base</Filter>
    </ClInclude>
    <ClInclude Include="..\public\BTNode.h">
      <Filter>01. Engine\05. Component\09. BehaviorTreeComponent\02. Node\01. Base</Filter>
    </ClInclude>
    <ClInclude Include="..\Public\ModelHandler.h">
      <Filter>03. Handler\02. Model</Filter>
    </ClInclude>
    <ClInclude Include="..\public\HeightFieldComponent.h" />
    <ClInclude Include="..\Public\Texture.h" />
    <ClInclude Include="..\Public\Texture.h">
      <Filter>98. Utililty\04. Texture</Filter>
    </ClInclude>
    <ClInclude Include="..\Public\ButtonComponent.h">
      <Filter>01. Engine\05. Component\07. RectComponent\04. ButtonComponent</Filter>
    </ClInclude>
    <ClInclude Include="..\public\HeightFieldComponent.h">
      <Filter>01. Engine\05. Component\03. ColliderComponent\05. HeightFieldComponent</Filter>
    </ClInclude>
    <ClInclude Include="..\Public\Texture.h">
      <Filter>03. Handler\05. Texture\01. Base</Filter>
    </ClInclude>
    <ClInclude Include="..\public\CompositeNode.h">
      <Filter>01. Engine\05. Component\09. BehaviorTreeComponent\02. Node\02. Composite</Filter>
    </ClInclude>
    <ClInclude Include="..\public\TaskNode.h">
      <Filter>01. Engine\05. Component\09. BehaviorTreeComponent\02. Node\04. Task</Filter>
    </ClInclude>
    <ClInclude Include="..\Public\TextureUtility.h">
      <Filter>98. Utililty\04. Texture</Filter>
    </ClInclude>
    <ClInclude Include="..\Public\Texture.h">
      <Filter>03. Handler\05. Texture\01. Base</Filter>
    </ClInclude>
    <ClInclude Include="..\Public\StringUtility.h">
      <Filter>98. Utililty\03. String</Filter>
    </ClInclude>
    <ClInclude Include="..\Public\TextureUtility.h">
      <Filter>98. Utililty\04. Texture</Filter>
    </ClInclude>
    <ClInclude Include="..\Public\AnimationImageComponent.h">
      <Filter>01. Engine\05. Component\07. RectComponent\06. AnimationImageComponent</Filter>
    </ClInclude>
    <ClInclude Include="..\Public\ProgressBarComponent.h">
      <Filter>01. Engine\05. Component\07. RectComponent\05. ProgressBarComponent</Filter>
    </ClInclude>
    <ClInclude Include="..\public\MemoryPool.h">
      <Filter>98. Utililty\05. Pool\02. Memory</Filter>
    </ClInclude>
    <ClInclude Include="..\Public\Timer.h">
      <Filter>02. Manager\13. TimerManager</Filter>
    </ClInclude>
    <ClInclude Include="..\Public\TriangleMeshComponent.h">
      <Filter>01. Engine\05. Component\03. ColliderComponent\06. TriangleMeshComponent</Filter>
    </ClInclude>
    <ClInclude Include="..\Public\Texture.h">
      <Filter>03. Handler\05. Texture\01. Base</Filter>
    </ClInclude>
    <ClInclude Include="..\Public\InstanceEffectMeshComponent.h">
      <Filter>01. Engine\05. Component\08. EffectComponent\04. InstanceEffectMesh</Filter>
    </ClInclude>
    <ClInclude Include="..\Public\InstanceEffectMeshBuffer.h">
      <Filter>05. Buffer\02. Buffer\02. Primitive\05. MeshInstancing</Filter>
    </ClInclude>
    <ClInclude Include="..\Public\InstanceEffectModel.h">
      <Filter>05. Buffer\02. Buffer\03. Model</Filter>
    </ClInclude>
    <ClInclude Include="..\public\FSMNode.h">
      <Filter>01. Engine\05. Component\10. FSMComponent\FSMNode</Filter>
    </ClInclude>
    <ClInclude Include="..\Public\MeshComponent.h" />
    <ClInclude Include="..\Public\TreeNode.h">
      <Filter>06. TreeNode</Filter>
    </ClInclude>
    <ClInclude Include="..\Public\TextComponent.h">
      <Filter>01. Engine\05. Component\07. RectComponent\07. TextComponent</Filter>
    </ClInclude>
    <ClInclude Include="..\public\FSMComponent.h">
      <Filter>01. Engine\05. Component\10. FSMComponent</Filter>
    </ClInclude>
    <ClInclude Include="..\Public\MeshComponent.h">
      <Filter>01. Engine\05. Component\11. MeshComponent</Filter>
    </ClInclude>
    <ClInclude Include="..\Public\DebugColliderComponent.h">
      <Filter>01. Engine\05. Component\12. DebugComponent\01. DebugColliderComponent</Filter>
    </ClInclude>
    <ClInclude Include="..\Public\DebugSphereComponent.h">
      <Filter>01. Engine\05. Component\12. DebugComponent\02. DebugSphereComponent</Filter>
    </ClInclude>
    <ClInclude Include="..\Public\DebugBoxComponent.h">
      <Filter>01. Engine\05. Component\12. DebugComponent\03. DebugBoxComponent</Filter>
    </ClInclude>
    <ClInclude Include="..\Public\DebugFrustumComponent.h">
      <Filter>01. Engine\05. Component\12. DebugComponent\04. DebugCameraFrustumComponent</Filter>
    </ClInclude>
    <ClInclude Include="..\Public\Date.h">
      <Filter>02. Manager\13. TimerManager</Filter>
    </ClInclude>
    <ClInclude Include="..\Public\TimerManager.h">
      <Filter>02. Manager\13. TimerManager</Filter>
    </ClInclude>
    <ClInclude Include="..\Public\MeshComponent.h">
      <Filter>01. Engine\05. Component\11. MeshComponent\01. MeshComponent</Filter>
    </ClInclude>
    <ClInclude Include="..\Public\TrailBuffer.h">
      <Filter>05. Buffer\02. Buffer\02. Primitive\06. Trail</Filter>
    </ClInclude>
    <ClInclude Include="..\Public\TrailComponent.h">
      <Filter>01. Engine\05. Component\13. TrailComponent</Filter>
    </ClInclude>
    <ClInclude Include="..\Public\HFSMComponent.h">
      <Filter>01. Engine\05. Component\14. HFSMComponent</Filter>
    </ClInclude>
    <ClInclude Include="..\Public\HStateGroup.h">
      <Filter>01. Engine\05. Component\14. HFSMComponent</Filter>
    </ClInclude>
    <ClInclude Include="..\Public\HState.h">
      <Filter>01. Engine\05. Component\14. HFSMComponent</Filter>
    </ClInclude>
    <ClInclude Include="..\public\BehaviorTreeComponent.h">
      <Filter>01. Engine\05. Component\09. BehaviorTreeComponent\01. Base</Filter>
    </ClInclude>
    <ClInclude Include="..\Public\DecoratorNode.h">
      <Filter>01. Engine\05. Component\09. BehaviorTreeComponent\02. Node\03. Decorator</Filter>
    </ClInclude>
    <ClInclude Include="EngineFunction.h">
      <Filter>99. Header\01. Precompiled\02. etc</Filter>
    </ClInclude>
    <ClInclude Include="..\public\MeshBuffer.h">
      <Filter>05. Buffer\02. Buffer\03. Model\MeshBuffer</Filter>
    </ClInclude>
    <ClInclude Include="..\Public\MeshHandler.h">
      <Filter>03. Handler\06. Mesh</Filter>
    </ClInclude>
    <ClInclude Include="..\Public\SoundManager.h">
      <Filter>02. Manager\14. SoundManager</Filter>
    </ClInclude>
    <ClInclude Include="..\Public\EnginePCH.h">
      <Filter>99. Header\01. Precompiled\02. etc</Filter>
    </ClInclude>
    <ClInclude Include="pch.h">
      <Filter>99. Header\01. Precompiled\02. etc</Filter>
    </ClInclude>
    <ClInclude Include="..\Public\PhysXPCH.h">
      <Filter>99. Header\01. Precompiled\02. etc</Filter>
    </ClInclude>
  </ItemGroup>
  <ItemGroup>
    <ClCompile Include="..\Private\EngineStruct.cpp">
      <Filter>99. Header\01. Precompiled\02. etc</Filter>
    </ClCompile>
    <ClCompile Include="..\Private\Manager.cpp">
      <Filter>02. Manager\01. Base</Filter>
    </ClCompile>
    <ClCompile Include="..\Private\CameraManager.cpp">
      <Filter>02. Manager\02. CameraManager</Filter>
    </ClCompile>
    <ClCompile Include="..\Private\RenderManager.cpp">
      <Filter>02. Manager\06. RenderManager</Filter>
    </ClCompile>
    <ClCompile Include="..\Private\LightManager.cpp">
      <Filter>02. Manager\05. LightManager</Filter>
    </ClCompile>
    <ClCompile Include="..\Private\World.cpp">
      <Filter>01. Engine\02. World</Filter>
    </ClCompile>
    <ClCompile Include="..\Private\Level.cpp">
      <Filter>01. Engine\03. Level</Filter>
    </ClCompile>
    <ClCompile Include="..\Private\Component.cpp">
      <Filter>01. Engine\05. Component\01. Component</Filter>
    </ClCompile>
    <ClCompile Include="..\Private\DebugDraw.cpp">
      <Filter>98. Utililty\01. Debug</Filter>
    </ClCompile>
    <ClCompile Include="..\Private\GameObject.cpp">
      <Filter>01. Engine\04. GameObject\01. Base</Filter>
    </ClCompile>
    <ClCompile Include="..\Private\Character.cpp">
      <Filter>01. Engine\04. GameObject\02. Character</Filter>
    </ClCompile>
    <ClCompile Include="..\Private\ColliderComponent.cpp">
      <Filter>01. Engine\05. Component\03. ColliderComponent\01. ColliderComponent</Filter>
    </ClCompile>
    <ClCompile Include="..\Private\BoxComponent.cpp">
      <Filter>01. Engine\05. Component\03. ColliderComponent\02. BoxComponent</Filter>
    </ClCompile>
    <ClCompile Include="..\Private\SphereComponent.cpp">
      <Filter>01. Engine\05. Component\03. ColliderComponent\03. SphereComponent</Filter>
    </ClCompile>
    <ClCompile Include="..\Private\Socket.cpp">
      <Filter>01. Engine\04. GameObject\03. Socket</Filter>
    </ClCompile>
    <ClCompile Include="..\Private\ControllerComponent.cpp">
      <Filter>04. Controller</Filter>
    </ClCompile>
    <ClCompile Include="..\Private\CameraComponent.cpp">
      <Filter>01. Engine\05. Component\06. CameraComponent</Filter>
    </ClCompile>
    <ClCompile Include="..\Private\PipelineManager.cpp">
      <Filter>02. Manager\07. PipelineManager</Filter>
    </ClCompile>
    <ClCompile Include="..\Private\MatrixConstantBuffer.cpp">
      <Filter>05. Buffer\01. ConstantBuffer\04. Matrix</Filter>
    </ClCompile>
    <ClCompile Include="..\Private\ConstantBuffer.cpp">
      <Filter>05. Buffer\01. ConstantBuffer\01. Base</Filter>
    </ClCompile>
    <ClCompile Include="..\Private\IntConstantBuffer.cpp">
      <Filter>05. Buffer\01. ConstantBuffer\02. Int</Filter>
    </ClCompile>
    <ClCompile Include="..\Private\FloatConstantBuffer.cpp">
      <Filter>05. Buffer\01. ConstantBuffer\03. Float</Filter>
    </ClCompile>
    <ClCompile Include="..\Private\Vector3ConstantBuffer.cpp">
      <Filter>05. Buffer\01. ConstantBuffer\04. Vector3</Filter>
    </ClCompile>
    <ClCompile Include="..\Private\Vector4ConstantBuffer.cpp">
      <Filter>05. Buffer\01. ConstantBuffer\05. Vector4</Filter>
    </ClCompile>
    <ClCompile Include="..\Private\ShaderHandler.cpp">
      <Filter>03. Handler\03. Shader</Filter>
    </ClCompile>
    <ClCompile Include="..\Private\TextureHandler.cpp">
      <Filter>03. Handler\05. Texture</Filter>
    </ClCompile>
    <ClCompile Include="..\Private\SoundHandler.cpp">
      <Filter>03. Handler\04. Sound</Filter>
    </ClCompile>
    <ClCompile Include="..\Private\FontHandler.cpp">
      <Filter>03. Handler\01. Font</Filter>
    </ClCompile>
    <ClCompile Include="..\Private\Font.cpp">
      <Filter>03. Handler\01. Font</Filter>
    </ClCompile>
    <ClCompile Include="..\Private\EffectShader.cpp">
      <Filter>03. Handler\03. Shader</Filter>
    </ClCompile>
    <ClCompile Include="..\Private\PipelineState.cpp">
      <Filter>02. Manager\07. PipelineManager</Filter>
    </ClCompile>
    <ClCompile Include="..\Private\UI.cpp">
      <Filter>01. Engine\06. UI</Filter>
    </ClCompile>
    <ClCompile Include="..\Private\Panel.cpp">
      <Filter>01. Engine\06. UI\02. Panel</Filter>
    </ClCompile>
    <ClCompile Include="..\Private\UI.cpp">
      <Filter>01. Engine\06. UI\01. Base</Filter>
    </ClCompile>
    <ClCompile Include="..\Private\Buffer.cpp">
      <Filter>05. Buffer\02. Buffer\01. Base</Filter>
    </ClCompile>
    <ClCompile Include="..\private\Buffer.cpp">
      <Filter>05. Buffer\02. Buffer\01.Base</Filter>
    </ClCompile>
    <ClCompile Include="..\private\Model.cpp">
      <Filter>05. Buffer\02. Buffer\03. Model</Filter>
    </ClCompile>
    <ClCompile Include="..\private\Material.cpp">
      <Filter>05. Buffer\02. Buffer\03. Model\Material</Filter>
    </ClCompile>
    <ClCompile Include="..\private\Animation.cpp">
      <Filter>05. Buffer\02. Buffer\03. Model\Animation</Filter>
    </ClCompile>
    <ClCompile Include="..\private\Bone.cpp">
      <Filter>05. Buffer\02. Buffer\03. Model\Bone</Filter>
    </ClCompile>
    <ClCompile Include="..\private\Channel.cpp">
      <Filter>05. Buffer\02. Buffer\03. Model\Animation\Channel</Filter>
    </ClCompile>
    <ClCompile Include="..\Private\Layer.cpp">
      <Filter>01. Engine\10. Layer</Filter>
    </ClCompile>
    <ClCompile Include="..\Private\CapsuleComponent.cpp">
      <Filter>01. Engine\05. Component\03. ColliderComponent\04. CapsuleComponent</Filter>
    </ClCompile>
    <ClCompile Include="..\Private\MathUtility.cpp">
      <Filter>98. Utililty\02. Math</Filter>
    </ClCompile>
    <ClCompile Include="..\Private\Buffer.cpp">
      <Filter>05. Buffer\02. Buffer\01. Base</Filter>
    </ClCompile>
    <ClCompile Include="..\Private\Instancing.cpp">
      <Filter>05. Buffer\02. Buffer\02. Primitive\04. PointInstancing</Filter>
    </ClCompile>
    <ClCompile Include="..\Private\Effect.cpp">
      <Filter>01. Engine\04. GameObject\04. Effect</Filter>
    </ClCompile>
    <ClCompile Include="..\Private\EffectComponent.cpp">
      <Filter>01. Engine\05. Component\08. EffectComponent\01. Base</Filter>
    </ClCompile>
    <ClCompile Include="..\Private\ParticleComponent.cpp">
      <Filter>01. Engine\05. Component\08. EffectComponent\02. Particle</Filter>
    </ClCompile>
    <ClCompile Include="..\Private\EffectMeshComponent.cpp">
      <Filter>01. Engine\05. Component\08. EffectComponent\03. EffectMesh</Filter>
    </ClCompile>
    <ClCompile Include="..\Private\ImageComponent.cpp">
      <Filter>01. Engine\05. Component\07. RectComponent\02. ImageComponent</Filter>
    </ClCompile>
    <ClCompile Include="..\Private\SliderComponent.cpp">
      <Filter>01. Engine\05. Component\07. RectComponent\03. SliderComponent</Filter>
    </ClCompile>
    <ClCompile Include="..\Private\EngineModule.cpp">
      <Filter>01. Engine\01. Module</Filter>
    </ClCompile>
    <ClCompile Include="..\Private\EventManager.cpp">
      <Filter>02. Manager\11. EventManager</Filter>
    </ClCompile>
    <ClCompile Include="..\Private\Event.cpp">
      <Filter>02. Manager\11. EventManager</Filter>
    </ClCompile>
    <ClCompile Include="..\Private\Camera.cpp">
      <Filter>01. Engine\04. GameObject\05. Camera</Filter>
    </ClCompile>
    <ClCompile Include="..\Private\PhysXManager.cpp" />
    <ClCompile Include="..\Private\Texture.cpp" />
    <ClCompile Include="..\private\CubeBuffer.cpp">
      <Filter>05. Buffer\02. Buffer\02. Primitive\03. Cube</Filter>
    </ClCompile>
    <ClCompile Include="..\private\RectBuffer.cpp">
      <Filter>05. Buffer\02. Buffer\02. Primitive\02. Rect</Filter>
    </ClCompile>
    <ClCompile Include="..\Private\ThreadManager.cpp">
      <Filter>02. Manager\09. ThreadManager</Filter>
    </ClCompile>
    <ClCompile Include="..\Private\ThreadManager.cpp">
      <Filter>02. Manager\09. ThreadManager</Filter>
    </ClCompile>
    <ClCompile Include="..\Private\PickManager.cpp">
      <Filter>02. Manager\12. PickManager</Filter>
    </ClCompile>
    <ClCompile Include="..\Private\PointBuffer.cpp">
      <Filter>05. Buffer\02. Buffer\02. Primitive\01. Point</Filter>
    </ClCompile>
    <ClCompile Include="..\Private\PipelineView.cpp">
      <Filter>02. Manager\07. PipelineManager</Filter>
    </ClCompile>
    <ClCompile Include="..\Private\PointBuffer.cpp" />
    <ClCompile Include="..\Private\PhysXManager.cpp">
      <Filter>02. Manager\08. PhysXManager</Filter>
    </ClCompile>
    <ClCompile Include="..\Private\PointBuffer.cpp">
      <Filter>05. Buffer\02. Buffer\02. Primitive\01. Point</Filter>
    </ClCompile>
    <ClCompile Include="..\Private\Texture.cpp">
      <Filter>98. Utililty\04.Texture</Filter>
    </ClCompile>
    <ClCompile Include="..\Private\ModelHandler.cpp">
      <Filter>03. Handler\02. Model</Filter>
    </ClCompile>
    <ClCompile Include="..\Private\TransformComponent.cpp">
      <Filter>01. Engine\05. Component\02. TransformComponent</Filter>
    </ClCompile>
    <ClCompile Include="..\Private\RectComponent.cpp" />
    <ClCompile Include="..\Private\Texture.cpp">
      <Filter>03. Handler\05. Texture\01. Base</Filter>
    </ClCompile>
    <ClCompile Include="..\Private\RectComponent.cpp">
      <Filter>01. Engine\05. Component\07. RectComponent\01. Base</Filter>
    </ClCompile>
    <ClCompile Include="..\Private\PointBuffer.cpp">
      <Filter>05. Buffer\02. Buffer\02. Primitive\01. Point</Filter>
    </ClCompile>
    <ClCompile Include="..\Private\PipelineView.cpp">
      <Filter>02. Manager\07. PipelineManager</Filter>
    </ClCompile>
    <ClCompile Include="..\Private\PointBuffer.cpp" />
    <ClCompile Include="..\Private\PhysXManager.cpp">
      <Filter>02. Manager\08. PhysXManager</Filter>
    </ClCompile>
    <ClCompile Include="..\Private\DeviceManager.cpp">
      <Filter>02. Manager\03. DeviceManager</Filter>
    </ClCompile>
    <ClCompile Include="..\Private\InputManager.cpp">
      <Filter>02. Manager\04. InputManager</Filter>
    </ClCompile>
    <ClCompile Include="..\Private\EventManager.cpp">
      <Filter>02. Manager\11. EventManager</Filter>
    </ClCompile>
    <ClCompile Include="..\Private\PickManager.cpp">
      <Filter>02. Manager\12. PickManager</Filter>
    </ClCompile>
    <ClCompile Include="..\Private\ThreadManager.cpp">
      <Filter>02. Manager\09. ThreadManager</Filter>
    </ClCompile>
    <ClCompile Include="..\Private\PointBuffer.cpp">
      <Filter>05. Buffer\02. Buffer\02. Primitive\01. Point</Filter>
    </ClCompile>
    <ClCompile Include="..\Private\FrameManager.cpp">
      <Filter>02. Manager\03. FrameManager</Filter>
    </ClCompile>
    <ClCompile Include="..\private\TextureUtility.cpp">
      <Filter>98. Utililty\04. Texture</Filter>
    </ClCompile>
    <ClCompile Include="..\Private\Event.cpp">
      <Filter>02. Manager\11. EventManager</Filter>
    </ClCompile>
    <ClCompile Include="..\Private\Frame.cpp">
      <Filter>02. Manager\03. FrameManager</Filter>
    </ClCompile>
    <ClCompile Include="..\Private\Camera.cpp">
      <Filter>02. Manager\02. CameraManager</Filter>
    </ClCompile>
    <ClCompile Include="..\private\HeightFieldComponent.cpp" />
    <ClCompile Include="..\Private\ButtonComponent.cpp">
      <Filter>01. Engine\05. Component\07. RectComponent\04. ButtonComponent</Filter>
    </ClCompile>
    <ClCompile Include="..\private\BTNode.cpp">
      <Filter>01. Engine\05. Component\09. BehaviorTreeComponent\02. Node\01. Base</Filter>
    </ClCompile>
    <ClCompile Include="..\private\HeightFieldComponent.cpp">
      <Filter>01. Engine\05. Component\03. ColliderComponent\05. HeightFieldComponent</Filter>
    </ClCompile>
    <ClCompile Include="..\private\CompositeNode.cpp">
      <Filter>01. Engine\05. Component\09. BehaviorTreeComponent\02. Node\02. Composite</Filter>
    </ClCompile>
    <ClCompile Include="..\private\TaskNode.cpp">
      <Filter>01. Engine\05. Component\09. BehaviorTreeComponent\02. Node\04. Task</Filter>
    </ClCompile>
    <ClCompile Include="..\Private\TextureUtility.cpp">
      <Filter>98. Utililty\04. Texture</Filter>
    </ClCompile>
    <ClCompile Include="..\Private\StringUtility.cpp">
      <Filter>98. Utililty\03. String</Filter>
    </ClCompile>
    <ClCompile Include="..\Private\TextureUtility.cpp">
      <Filter>98. Utililty\04. Texture</Filter>
    </ClCompile>
    <ClCompile Include="..\Private\AnimationImageComponent.cpp">
      <Filter>01. Engine\05. Component\07. RectComponent\06. AnimationImageComponent</Filter>
    </ClCompile>
    <ClCompile Include="..\Private\ProgressBarComponent.cpp">
      <Filter>01. Engine\05. Component\07. RectComponent\05. ProgressBarComponent</Filter>
    </ClCompile>
    <ClCompile Include="..\private\MemoryPool.cpp">
      <Filter>98. Utililty\05. Pool\02. Memory</Filter>
    </ClCompile>
    <ClCompile Include="..\Private\Timer.cpp">
      <Filter>02. Manager\13. TimerManager</Filter>
    </ClCompile>
    <ClCompile Include="..\Private\TriangleMeshComponent.cpp">
      <Filter>01. Engine\05. Component\03. ColliderComponent\06. TriangleMeshComponent</Filter>
    </ClCompile>
    <ClCompile Include="..\Private\InstanceEffectMeshComponent.cpp">
      <Filter>01. Engine\05. Component\08. EffectComponent\04. InstanceEffectMesh</Filter>
    </ClCompile>
    <ClCompile Include="..\Private\InstanceEffectMeshBuffer.cpp">
      <Filter>05. Buffer\02. Buffer\02. Primitive\05. MeshInstancing</Filter>
    </ClCompile>
    <ClCompile Include="..\Private\InstanceEffectModel.cpp">
      <Filter>05. Buffer\02. Buffer\03. Model</Filter>
    </ClCompile>
    <ClCompile Include="..\private\FSMNode.cpp">
      <Filter>01. Engine\05. Component\10. FSMComponent\FSMNode</Filter>
    </ClCompile>
    <ClCompile Include="..\Private\TextComponent.cpp">
      <Filter>01. Engine\05. Component\07. RectComponent\07. TextComponent</Filter>
    </ClCompile>
    <ClCompile Include="..\Private\TreeNode.cpp">
      <Filter>06. TreeNode</Filter>
    </ClCompile>
    <ClCompile Include="..\private\FSMComponent.cpp">
      <Filter>01. Engine\05. Component\10. FSMComponent</Filter>
    </ClCompile>
    <ClCompile Include="..\Private\MeshComponent.cpp">
      <Filter>01. Engine\05. Component\11. MeshComponent</Filter>
    </ClCompile>
    <ClCompile Include="..\Private\DebugColliderComponent.cpp">
      <Filter>01. Engine\05. Component\12. DebugComponent\01. DebugColliderComponent</Filter>
    </ClCompile>
    <ClCompile Include="..\Private\DebugSphereComponent.cpp">
      <Filter>01. Engine\05. Component\12. DebugComponent\02. DebugSphereComponent</Filter>
    </ClCompile>
    <ClCompile Include="..\Private\DebugBoxComponent.cpp">
      <Filter>01. Engine\05. Component\12. DebugComponent\03. DebugBoxComponent</Filter>
    </ClCompile>
    <ClCompile Include="..\Private\DebugFrustumComponent.cpp">
      <Filter>01. Engine\05. Component\12. DebugComponent\04. DebugCameraFrustumComponent</Filter>
    </ClCompile>
    <ClCompile Include="..\Private\Date.cpp">
      <Filter>02. Manager\13. TimerManager</Filter>
    </ClCompile>
    <ClCompile Include="..\Private\TimerManager.cpp">
      <Filter>02. Manager\13. TimerManager</Filter>
    </ClCompile>
    <ClCompile Include="..\Private\MeshComponent.cpp">
      <Filter>01. Engine\05. Component\11. MeshComponent\01. MeshComponent</Filter>
    </ClCompile>
    <ClCompile Include="..\Private\TrailBuffer.cpp">
      <Filter>05. Buffer\02. Buffer\02. Primitive\06. Trail</Filter>
    </ClCompile>
    <ClCompile Include="..\Private\TrailComponent.cpp">
      <Filter>01. Engine\05. Component\13. TrailComponent</Filter>
    </ClCompile>
    <ClCompile Include="..\Private\HFSMComponent.cpp">
      <Filter>01. Engine\05. Component\14. HFSMComponent</Filter>
    </ClCompile>
    <ClCompile Include="..\Private\HStateGroup.cpp">
      <Filter>01. Engine\05. Component\14. HFSMComponent</Filter>
    </ClCompile>
    <ClCompile Include="..\Private\HState.cpp">
      <Filter>01. Engine\05. Component\14. HFSMComponent</Filter>
    </ClCompile>
    <ClCompile Include="..\private\BehaviorTreeComponent.cpp">
      <Filter>01. Engine\05. Component\09. BehaviorTreeComponent\01. Base</Filter>
    </ClCompile>
    <ClCompile Include="..\Private\DecoratorNode.cpp">
      <Filter>01. Engine\05. Component\09. BehaviorTreeComponent\02. Node\03. Decorator</Filter>
    </ClCompile>
    <ClCompile Include="..\Private\SoundManager.cpp">
      <Filter>02. Manager\14. SoundManager</Filter>
    </ClCompile>
    <ClCompile Include="..\private\MeshBuffer.cpp">
      <Filter>05. Buffer\02. Buffer\03. Model\MeshBuffer</Filter>
    </ClCompile>
    <ClCompile Include="..\Private\MeshHandler.cpp">
      <Filter>03. Handler\06. Mesh</Filter>
    </ClCompile>
    <ClCompile Include="pch.cpp">
      <Filter>99. Header\01. Precompiled\02. etc</Filter>
    </ClCompile>
  </ItemGroup>
</Project>